
Microsoft Visual Studio Solution File, Format Version 12.00
# Visual Studio Version 17
VisualStudioVersion = 17.14.36221.1 d17.14
MinimumVisualStudioVersion = 10.0.40219.1
Project("{2150E333-8FDC-42A3-9474-1A3956D46DE8}") = "src", "src", "{02EA681E-C7D8-13C7-8484-4AC65E1B71E8}"
EndProject
Project("{2150E333-8FDC-42A3-9474-1A3956D46DE8}") = "test", "test", "{A850C727-612F-44AC-9495-095343F216C0}"
EndProject
Project("{2150E333-8FDC-42A3-9474-1A3956D46DE8}") = "Api", "Api", "{9A25B405-98CD-4934-B2F3-0FB753623A89}"
EndProject
Project("{2150E333-8FDC-42A3-9474-1A3956D46DE8}") = "Core", "Core", "{743AC370-AF82-4CC9-B057-A7D85E025F83}"
EndProject
Project("{2150E333-8FDC-42A3-9474-1A3956D46DE8}") = "Infrastructure", "Infrastructure", "{2B4012E9-A686-4861-9467-6C1E4D968C51}"
EndProject
Project("{FAE04EC0-301F-11D3-BF4B-00C04F79EFBC}") = "Task.Api", "Task.Api\Task.Api.csproj", "{6D56A341-B493-4F13-A945-B47CBC77FF78}"
EndProject
Project("{FAE04EC0-301F-11D3-BF4B-00C04F79EFBC}") = "Task.Application", "Task.Application\Task.Application.csproj", "{98735889-CEBD-4144-AAF9-7AEE40703F27}"
EndProject
Project("{FAE04EC0-301F-11D3-BF4B-00C04F79EFBC}") = "Task.Domain", "Task.Domain\Task.Domain.csproj", "{E5A43DC0-2401-47DA-903D-97B7708CEF80}"
EndProject
Project("{FAE04EC0-301F-11D3-BF4B-00C04F79EFBC}") = "Task.Dapper", "Dapper\Task.Dapper.csproj", "{4FE38E8F-8EEA-49DF-933A-B37B47118294}"
EndProject
Project("{FAE04EC0-301F-11D3-BF4B-00C04F79EFBC}") = "Task.Persistence", "Task.Persistence\Task.Persistence.csproj", "{75A1D2C9-29C4-F12E-D454-2264CABA35EA}"
EndProject
Project("{FAE04EC0-301F-11D3-BF4B-00C04F79EFBC}") = "Task.Shared", "Task.Shared\Task.Shared.csproj", "{A40104B1-1971-42F0-AA6C-55E036D7CF04}"
EndProject
Project("{FAE04EC0-301F-11D3-BF4B-00C04F79EFBC}") = "Task.UnitOfWork", "Task.UnitOfWork\Task.UnitOfWork.csproj", "{D702EEF0-BD67-45CA-92D3-7212BFFCEEFC}"
EndProject
Project("{2150E333-8FDC-42A3-9474-1A3956D46DE8}") = "Solution Items", "Solution Items", "{8EC462FD-D22E-90A8-E5CE-7E832BA40C5D}"
	ProjectSection(SolutionItems) = preProject
		Readme.txt = Readme.txt
	EndProjectSection
EndProject
Global
	GlobalSection(SolutionConfigurationPlatforms) = preSolution
		Debug|Any CPU = Debug|Any CPU
		Release|Any CPU = Release|Any CPU
	EndGlobalSection
	GlobalSection(ProjectConfigurationPlatforms) = postSolution
		{6D56A341-B493-4F13-A945-B47CBC77FF78}.Debug|Any CPU.ActiveCfg = Debug|Any CPU
		{6D56A341-B493-4F13-A945-B47CBC77FF78}.Debug|Any CPU.Build.0 = Debug|Any CPU
		{6D56A341-B493-4F13-A945-B47CBC77FF78}.Release|Any CPU.ActiveCfg = Release|Any CPU
		{6D56A341-B493-4F13-A945-B47CBC77FF78}.Release|Any CPU.Build.0 = Release|Any CPU
		{98735889-CEBD-4144-AAF9-7AEE40703F27}.Debug|Any CPU.ActiveCfg = Debug|Any CPU
		{98735889-CEBD-4144-AAF9-7AEE40703F27}.Debug|Any CPU.Build.0 = Debug|Any CPU
		{98735889-CEBD-4144-AAF9-7AEE40703F27}.Release|Any CPU.ActiveCfg = Release|Any CPU
		{98735889-CEBD-4144-AAF9-7AEE40703F27}.Release|Any CPU.Build.0 = Release|Any CPU
		{E5A43DC0-2401-47DA-903D-97B7708CEF80}.Debug|Any CPU.ActiveCfg = Debug|Any CPU
		{E5A43DC0-2401-47DA-903D-97B7708CEF80}.Debug|Any CPU.Build.0 = Debug|Any CPU
		{E5A43DC0-2401-47DA-903D-97B7708CEF80}.Release|Any CPU.ActiveCfg = Release|Any CPU
		{E5A43DC0-2401-47DA-903D-97B7708CEF80}.Release|Any CPU.Build.0 = Release|Any CPU
		{4FE38E8F-8EEA-49DF-933A-B37B47118294}.Debug|Any CPU.ActiveCfg = Debug|Any CPU
		{4FE38E8F-8EEA-49DF-933A-B37B47118294}.Debug|Any CPU.Build.0 = Debug|Any CPU
		{4FE38E8F-8EEA-49DF-933A-B37B47118294}.Release|Any CPU.ActiveCfg = Release|Any CPU
		{4FE38E8F-8EEA-49DF-933A-B37B47118294}.Release|Any CPU.Build.0 = Release|Any CPU
		{75A1D2C9-29C4-F12E-D454-2264CABA35EA}.Debug|Any CPU.ActiveCfg = Debug|Any CPU
		{75A1D2C9-29C4-F12E-D454-2264CABA35EA}.Debug|Any CPU.Build.0 = Debug|Any CPU
		{75A1D2C9-29C4-F12E-D454-2264CABA35EA}.Release|Any CPU.ActiveCfg = Release|Any CPU
		{75A1D2C9-29C4-F12E-D454-2264CABA35EA}.Release|Any CPU.Build.0 = Release|Any CPU
		{A40104B1-1971-42F0-AA6C-55E036D7CF04}.Debug|Any CPU.ActiveCfg = Debug|Any CPU
		{A40104B1-1971-42F0-AA6C-55E036D7CF04}.Debug|Any CPU.Build.0 = Debug|Any CPU
		{A40104B1-1971-42F0-AA6C-55E036D7CF04}.Release|Any CPU.ActiveCfg = Release|Any CPU
		{A40104B1-1971-42F0-AA6C-55E036D7CF04}.Release|Any CPU.Build.0 = Release|Any CPU
		{D702EEF0-BD67-45CA-92D3-7212BFFCEEFC}.Debug|Any CPU.ActiveCfg = Debug|Any CPU
		{D702EEF0-BD67-45CA-92D3-7212BFFCEEFC}.Debug|Any CPU.Build.0 = Debug|Any CPU
		{D702EEF0-BD67-45CA-92D3-7212BFFCEEFC}.Release|Any CPU.ActiveCfg = Release|Any CPU
		{D702EEF0-BD67-45CA-92D3-7212BFFCEEFC}.Release|Any CPU.Build.0 = Release|Any CPU
	EndGlobalSection
	GlobalSection(SolutionProperties) = preSolution
		HideSolutionNode = FALSE
	EndGlobalSection
	GlobalSection(NestedProjects) = preSolution
		{9A25B405-98CD-4934-B2F3-0FB753623A89} = {02EA681E-C7D8-13C7-8484-4AC65E1B71E8}
		{743AC370-AF82-4CC9-B057-A7D85E025F83} = {02EA681E-C7D8-13C7-8484-4AC65E1B71E8}
		{2B4012E9-A686-4861-9467-6C1E4D968C51} = {02EA681E-C7D8-13C7-8484-4AC65E1B71E8}
		{6D56A341-B493-4F13-A945-B47CBC77FF78} = {9A25B405-98CD-4934-B2F3-0FB753623A89}
		{98735889-CEBD-4144-AAF9-7AEE40703F27} = {743AC370-AF82-4CC9-B057-A7D85E025F83}
		{E5A43DC0-2401-47DA-903D-97B7708CEF80} = {743AC370-AF82-4CC9-B057-A7D85E025F83}
		{4FE38E8F-8EEA-49DF-933A-B37B47118294} = {2B4012E9-A686-4861-9467-6C1E4D968C51}
		{75A1D2C9-29C4-F12E-D454-2264CABA35EA} = {2B4012E9-A686-4861-9467-6C1E4D968C51}
		{A40104B1-1971-42F0-AA6C-55E036D7CF04} = {743AC370-AF82-4CC9-B057-A7D85E025F83}
		{D702EEF0-BD67-45CA-92D3-7212BFFCEEFC} = {2B4012E9-A686-4861-9467-6C1E4D968C51}
	EndGlobalSection
	GlobalSection(ExtensibilityGlobals) = postSolution
		SolutionGuid = {0118D597-0A23-47EA-8B70-B9E2E9B0C694}
	EndGlobalSection
EndGlobal
